
Microsoft Visual Studio Solution File, Format Version 12.00
# Visual Studio Version 17
VisualStudioVersion = 17.0.31903.59
MinimumVisualStudioVersion = 10.0.40219.1
Project("{2150E333-8FDC-42A3-9474-1A3956D46DE8}") = "src", "src", "{827E0CD3-B72D-47B6-A68D-7590B98EB39B}"
EndProject
Project("{FAE04EC0-301F-11D3-BF4B-00C04F79EFBC}") = "FTMS.Api", "src\FTMS.Api\FTMS.Api.csproj", "{0F1C60B7-ECE6-4FD8-A0F9-6639518EC6B5}"
EndProject
Project("{FAE04EC0-301F-11D3-BF4B-00C04F79EFBC}") = "FTMS.Application", "src\FTMS.Application\FTMS.Application.csproj", "{FF21CCDD-ADEB-4BDD-913A-475CF351CC01}"
EndProject
Project("{FAE04EC0-301F-11D3-BF4B-00C04F79EFBC}") = "FTMS.Domain", "src\FTMS.Domain\FTMS.Domain.csproj", "{F6F0BE8E-D336-461C-B15A-D6B74F457306}"
EndProject
Project("{FAE04EC0-301F-11D3-BF4B-00C04F79EFBC}") = "FTMS.SharedKernel", "src\FTMS.SharedKernel\FTMS.SharedKernel.csproj", "{F24B05C1-6B7B-43B0-AB08-EAC5C5513962}"
EndProject
Project("{FAE04EC0-301F-11D3-BF4B-00C04F79EFBC}") = "FTMS.Infrastructure", "src\FTMS.Infrastructure\FTMS.Infrastructure.csproj", "{B964A080-53DF-425E-879D-9D7C2CAC5FDC}"
EndProject
Project("{2150E333-8FDC-42A3-9474-1A3956D46DE8}") = "tests", "tests", "{0AB3BF05-4346-4AA6-1389-037BE0695223}"
EndProject
Project("{FAE04EC0-301F-11D3-BF4B-00C04F79EFBC}") = "FTMS.Api.IntegrationTests", "tests\FTMS.Api.IntegrationTests\FTMS.Api.IntegrationTests.csproj", "{2AF6F742-1EA7-4543-A72F-0B3ADFAB617B}"
EndProject
Project("{FAE04EC0-301F-11D3-BF4B-00C04F79EFBC}") = "FTMS.Application.UnitTests", "tests\FTMS.Application.UnitTests\FTMS.Application.UnitTests.csproj", "{8B35EA89-1959-437D-A54F-2C312CA5C23E}"
EndProject
Project("{FAE04EC0-301F-11D3-BF4B-00C04F79EFBC}") = "FTMS.ArchitectureTests", "tests\FTMS.ArchitectureTests\FTMS.ArchitectureTests.csproj", "{D23E47C5-60A1-4F94-9F6F-CA260ED21ECD}"
EndProject
Project("{FAE04EC0-301F-11D3-BF4B-00C04F79EFBC}") = "FTMS.Domain.UnitTests", "tests\FTMS.Domain.UnitTests\FTMS.Domain.UnitTests.csproj", "{4EEF88DB-51E0-488A-99F4-75CF061DE911}"
EndProject
Global
	GlobalSection(SolutionConfigurationPlatforms) = preSolution
		Debug|Any CPU = Debug|Any CPU
		Debug|x64 = Debug|x64
		Debug|x86 = Debug|x86
		Release|Any CPU = Release|Any CPU
		Release|x64 = Release|x64
		Release|x86 = Release|x86
	EndGlobalSection
	GlobalSection(ProjectConfigurationPlatforms) = postSolution
		{0F1C60B7-ECE6-4FD8-A0F9-6639518EC6B5}.Debug|Any CPU.ActiveCfg = Debug|Any CPU
		{0F1C60B7-ECE6-4FD8-A0F9-6639518EC6B5}.Debug|Any CPU.Build.0 = Debug|Any CPU
		{0F1C60B7-ECE6-4FD8-A0F9-6639518EC6B5}.Debug|x64.ActiveCfg = Debug|Any CPU
		{0F1C60B7-ECE6-4FD8-A0F9-6639518EC6B5}.Debug|x64.Build.0 = Debug|Any CPU
		{0F1C60B7-ECE6-4FD8-A0F9-6639518EC6B5}.Debug|x86.ActiveCfg = Debug|Any CPU
		{0F1C60B7-ECE6-4FD8-A0F9-6639518EC6B5}.Debug|x86.Build.0 = Debug|Any CPU
		{0F1C60B7-ECE6-4FD8-A0F9-6639518EC6B5}.Release|Any CPU.ActiveCfg = Release|Any CPU
		{0F1C60B7-ECE6-4FD8-A0F9-6639518EC6B5}.Release|Any CPU.Build.0 = Release|Any CPU
		{0F1C60B7-ECE6-4FD8-A0F9-6639518EC6B5}.Release|x64.ActiveCfg = Release|Any CPU
		{0F1C60B7-ECE6-4FD8-A0F9-6639518EC6B5}.Release|x64.Build.0 = Release|Any CPU
		{0F1C60B7-ECE6-4FD8-A0F9-6639518EC6B5}.Release|x86.ActiveCfg = Release|Any CPU
		{0F1C60B7-ECE6-4FD8-A0F9-6639518EC6B5}.Release|x86.Build.0 = Release|Any CPU
		{FF21CCDD-ADEB-4BDD-913A-475CF351CC01}.Debug|Any CPU.ActiveCfg = Debug|Any CPU
		{FF21CCDD-ADEB-4BDD-913A-475CF351CC01}.Debug|Any CPU.Build.0 = Debug|Any CPU
		{FF21CCDD-ADEB-4BDD-913A-475CF351CC01}.Debug|x64.ActiveCfg = Debug|Any CPU
		{FF21CCDD-ADEB-4BDD-913A-475CF351CC01}.Debug|x64.Build.0 = Debug|Any CPU
		{FF21CCDD-ADEB-4BDD-913A-475CF351CC01}.Debug|x86.ActiveCfg = Debug|Any CPU
		{FF21CCDD-ADEB-4BDD-913A-475CF351CC01}.Debug|x86.Build.0 = Debug|Any CPU
		{FF21CCDD-ADEB-4BDD-913A-475CF351CC01}.Release|Any CPU.ActiveCfg = Release|Any CPU
		{FF21CCDD-ADEB-4BDD-913A-475CF351CC01}.Release|Any CPU.Build.0 = Release|Any CPU
		{FF21CCDD-ADEB-4BDD-913A-475CF351CC01}.Release|x64.ActiveCfg = Release|Any CPU
		{FF21CCDD-ADEB-4BDD-913A-475CF351CC01}.Release|x64.Build.0 = Release|Any CPU
		{FF21CCDD-ADEB-4BDD-913A-475CF351CC01}.Release|x86.ActiveCfg = Release|Any CPU
		{FF21CCDD-ADEB-4BDD-913A-475CF351CC01}.Release|x86.Build.0 = Release|Any CPU
		{F6F0BE8E-D336-461C-B15A-D6B74F457306}.Debug|Any CPU.ActiveCfg = Debug|Any CPU
		{F6F0BE8E-D336-461C-B15A-D6B74F457306}.Debug|Any CPU.Build.0 = Debug|Any CPU
		{F6F0BE8E-D336-461C-B15A-D6B74F457306}.Debug|x64.ActiveCfg = Debug|Any CPU
		{F6F0BE8E-D336-461C-B15A-D6B74F457306}.Debug|x64.Build.0 = Debug|Any CPU
		{F6F0BE8E-D336-461C-B15A-D6B74F457306}.Debug|x86.ActiveCfg = Debug|Any CPU
		{F6F0BE8E-D336-461C-B15A-D6B74F457306}.Debug|x86.Build.0 = Debug|Any CPU
		{F6F0BE8E-D336-461C-B15A-D6B74F457306}.Release|Any CPU.ActiveCfg = Release|Any CPU
		{F6F0BE8E-D336-461C-B15A-D6B74F457306}.Release|Any CPU.Build.0 = Release|Any CPU
		{F6F0BE8E-D336-461C-B15A-D6B74F457306}.Release|x64.ActiveCfg = Release|Any CPU
		{F6F0BE8E-D336-461C-B15A-D6B74F457306}.Release|x64.Build.0 = Release|Any CPU
		{F6F0BE8E-D336-461C-B15A-D6B74F457306}.Release|x86.ActiveCfg = Release|Any CPU
		{F6F0BE8E-D336-461C-B15A-D6B74F457306}.Release|x86.Build.0 = Release|Any CPU
		{F24B05C1-6B7B-43B0-AB08-EAC5C5513962}.Debug|Any CPU.ActiveCfg = Debug|Any CPU
		{F24B05C1-6B7B-43B0-AB08-EAC5C5513962}.Debug|Any CPU.Build.0 = Debug|Any CPU
		{F24B05C1-6B7B-43B0-AB08-EAC5C5513962}.Debug|x64.ActiveCfg = Debug|Any CPU
		{F24B05C1-6B7B-43B0-AB08-EAC5C5513962}.Debug|x64.Build.0 = Debug|Any CPU
		{F24B05C1-6B7B-43B0-AB08-EAC5C5513962}.Debug|x86.ActiveCfg = Debug|Any CPU
		{F24B05C1-6B7B-43B0-AB08-EAC5C5513962}.Debug|x86.Build.0 = Debug|Any CPU
		{F24B05C1-6B7B-43B0-AB08-EAC5C5513962}.Release|Any CPU.ActiveCfg = Release|Any CPU
		{F24B05C1-6B7B-43B0-AB08-EAC5C5513962}.Release|Any CPU.Build.0 = Release|Any CPU
		{F24B05C1-6B7B-43B0-AB08-EAC5C5513962}.Release|x64.ActiveCfg = Release|Any CPU
		{F24B05C1-6B7B-43B0-AB08-EAC5C5513962}.Release|x64.Build.0 = Release|Any CPU
		{F24B05C1-6B7B-43B0-AB08-EAC5C5513962}.Release|x86.ActiveCfg = Release|Any CPU
		{F24B05C1-6B7B-43B0-AB08-EAC5C5513962}.Release|x86.Build.0 = Release|Any CPU
		{B964A080-53DF-425E-879D-9D7C2CAC5FDC}.Debug|Any CPU.ActiveCfg = Debug|Any CPU
		{B964A080-53DF-425E-879D-9D7C2CAC5FDC}.Debug|Any CPU.Build.0 = Debug|Any CPU
		{B964A080-53DF-425E-879D-9D7C2CAC5FDC}.Debug|x64.ActiveCfg = Debug|Any CPU
		{B964A080-53DF-425E-879D-9D7C2CAC5FDC}.Debug|x64.Build.0 = Debug|Any CPU
		{B964A080-53DF-425E-879D-9D7C2CAC5FDC}.Debug|x86.ActiveCfg = Debug|Any CPU
		{B964A080-53DF-425E-879D-9D7C2CAC5FDC}.Debug|x86.Build.0 = Debug|Any CPU
		{B964A080-53DF-425E-879D-9D7C2CAC5FDC}.Release|Any CPU.ActiveCfg = Release|Any CPU
		{B964A080-53DF-425E-879D-9D7C2CAC5FDC}.Release|Any CPU.Build.0 = Release|Any CPU
		{B964A080-53DF-425E-879D-9D7C2CAC5FDC}.Release|x64.ActiveCfg = Release|Any CPU
		{B964A080-53DF-425E-879D-9D7C2CAC5FDC}.Release|x64.Build.0 = Release|Any CPU
		{B964A080-53DF-425E-879D-9D7C2CAC5FDC}.Release|x86.ActiveCfg = Release|Any CPU
		{B964A080-53DF-425E-879D-9D7C2CAC5FDC}.Release|x86.Build.0 = Release|Any CPU
		{2AF6F742-1EA7-4543-A72F-0B3ADFAB617B}.Debug|Any CPU.ActiveCfg = Debug|Any CPU
		{2AF6F742-1EA7-4543-A72F-0B3ADFAB617B}.Debug|Any CPU.Build.0 = Debug|Any CPU
		{2AF6F742-1EA7-4543-A72F-0B3ADFAB617B}.Debug|x64.ActiveCfg = Debug|Any CPU
		{2AF6F742-1EA7-4543-A72F-0B3ADFAB617B}.Debug|x64.Build.0 = Debug|Any CPU
		{2AF6F742-1EA7-4543-A72F-0B3ADFAB617B}.Debug|x86.ActiveCfg = Debug|Any CPU
		{2AF6F742-1EA7-4543-A72F-0B3ADFAB617B}.Debug|x86.Build.0 = Debug|Any CPU
		{2AF6F742-1EA7-4543-A72F-0B3ADFAB617B}.Release|Any CPU.ActiveCfg = Release|Any CPU
		{2AF6F742-1EA7-4543-A72F-0B3ADFAB617B}.Release|Any CPU.Build.0 = Release|Any CPU
		{2AF6F742-1EA7-4543-A72F-0B3ADFAB617B}.Release|x64.ActiveCfg = Release|Any CPU
		{2AF6F742-1EA7-4543-A72F-0B3ADFAB617B}.Release|x64.Build.0 = Release|Any CPU
		{2AF6F742-1EA7-4543-A72F-0B3ADFAB617B}.Release|x86.ActiveCfg = Release|Any CPU
		{2AF6F742-1EA7-4543-A72F-0B3ADFAB617B}.Release|x86.Build.0 = Release|Any CPU
		{8B35EA89-1959-437D-A54F-2C312CA5C23E}.Debug|Any CPU.ActiveCfg = Debug|Any CPU
		{8B35EA89-1959-437D-A54F-2C312CA5C23E}.Debug|Any CPU.Build.0 = Debug|Any CPU
		{8B35EA89-1959-437D-A54F-2C312CA5C23E}.Debug|x64.ActiveCfg = Debug|Any CPU
		{8B35EA89-1959-437D-A54F-2C312CA5C23E}.Debug|x64.Build.0 = Debug|Any CPU
		{8B35EA89-1959-437D-A54F-2C312CA5C23E}.Debug|x86.ActiveCfg = Debug|Any CPU
		{8B35EA89-1959-437D-A54F-2C312CA5C23E}.Debug|x86.Build.0 = Debug|Any CPU
		{8B35EA89-1959-437D-A54F-2C312CA5C23E}.Release|Any CPU.ActiveCfg = Release|Any CPU
		{8B35EA89-1959-437D-A54F-2C312CA5C23E}.Release|Any CPU.Build.0 = Release|Any CPU
		{8B35EA89-1959-437D-A54F-2C312CA5C23E}.Release|x64.ActiveCfg = Release|Any CPU
		{8B35EA89-1959-437D-A54F-2C312CA5C23E}.Release|x64.Build.0 = Release|Any CPU
		{8B35EA89-1959-437D-A54F-2C312CA5C23E}.Release|x86.ActiveCfg = Release|Any CPU
		{8B35EA89-1959-437D-A54F-2C312CA5C23E}.Release|x86.Build.0 = Release|Any CPU
		{D23E47C5-60A1-4F94-9F6F-CA260ED21ECD}.Debug|Any CPU.ActiveCfg = Debug|Any CPU
		{D23E47C5-60A1-4F94-9F6F-CA260ED21ECD}.Debug|Any CPU.Build.0 = Debug|Any CPU
		{D23E47C5-60A1-4F94-9F6F-CA260ED21ECD}.Debug|x64.ActiveCfg = Debug|Any CPU
		{D23E47C5-60A1-4F94-9F6F-CA260ED21ECD}.Debug|x64.Build.0 = Debug|Any CPU
		{D23E47C5-60A1-4F94-9F6F-CA260ED21ECD}.Debug|x86.ActiveCfg = Debug|Any CPU
		{D23E47C5-60A1-4F94-9F6F-CA260ED21ECD}.Debug|x86.Build.0 = Debug|Any CPU
		{D23E47C5-60A1-4F94-9F6F-CA260ED21ECD}.Release|Any CPU.ActiveCfg = Release|Any CPU
		{D23E47C5-60A1-4F94-9F6F-CA260ED21ECD}.Release|Any CPU.Build.0 = Release|Any CPU
		{D23E47C5-60A1-4F94-9F6F-CA260ED21ECD}.Release|x64.ActiveCfg = Release|Any CPU
		{D23E47C5-60A1-4F94-9F6F-CA260ED21ECD}.Release|x64.Build.0 = Release|Any CPU
		{D23E47C5-60A1-4F94-9F6F-CA260ED21ECD}.Release|x86.ActiveCfg = Release|Any CPU
		{D23E47C5-60A1-4F94-9F6F-CA260ED21ECD}.Release|x86.Build.0 = Release|Any CPU
		{4EEF88DB-51E0-488A-99F4-75CF061DE911}.Debug|Any CPU.ActiveCfg = Debug|Any CPU
		{4EEF88DB-51E0-488A-99F4-75CF061DE911}.Debug|Any CPU.Build.0 = Debug|Any CPU
		{4EEF88DB-51E0-488A-99F4-75CF061DE911}.Debug|x64.ActiveCfg = Debug|Any CPU
		{4EEF88DB-51E0-488A-99F4-75CF061DE911}.Debug|x64.Build.0 = Debug|Any CPU
		{4EEF88DB-51E0-488A-99F4-75CF061DE911}.Debug|x86.ActiveCfg = Debug|Any CPU
		{4EEF88DB-51E0-488A-99F4-75CF061DE911}.Debug|x86.Build.0 = Debug|Any CPU
		{4EEF88DB-51E0-488A-99F4-75CF061DE911}.Release|Any CPU.ActiveCfg = Release|Any CPU
		{4EEF88DB-51E0-488A-99F4-75CF061DE911}.Release|Any CPU.Build.0 = Release|Any CPU
		{4EEF88DB-51E0-488A-99F4-75CF061DE911}.Release|x64.ActiveCfg = Release|Any CPU
		{4EEF88DB-51E0-488A-99F4-75CF061DE911}.Release|x64.Build.0 = Release|Any CPU
		{4EEF88DB-51E0-488A-99F4-75CF061DE911}.Release|x86.ActiveCfg = Release|Any CPU
		{4EEF88DB-51E0-488A-99F4-75CF061DE911}.Release|x86.Build.0 = Release|Any CPU
	EndGlobalSection
	GlobalSection(SolutionProperties) = preSolution
		HideSolutionNode = FALSE
	EndGlobalSection
	GlobalSection(NestedProjects) = preSolution
		{0F1C60B7-ECE6-4FD8-A0F9-6639518EC6B5} = {827E0CD3-B72D-47B6-A68D-7590B98EB39B}
		{FF21CCDD-ADEB-4BDD-913A-475CF351CC01} = {827E0CD3-B72D-47B6-A68D-7590B98EB39B}
		{F6F0BE8E-D336-461C-B15A-D6B74F457306} = {827E0CD3-B72D-47B6-A68D-7590B98EB39B}
		{F24B05C1-6B7B-43B0-AB08-EAC5C5513962} = {827E0CD3-B72D-47B6-A68D-7590B98EB39B}
		{B964A080-53DF-425E-879D-9D7C2CAC5FDC} = {827E0CD3-B72D-47B6-A68D-7590B98EB39B}
		{2AF6F742-1EA7-4543-A72F-0B3ADFAB617B} = {0AB3BF05-4346-4AA6-1389-037BE0695223}
		{8B35EA89-1959-437D-A54F-2C312CA5C23E} = {0AB3BF05-4346-4AA6-1389-037BE0695223}
		{D23E47C5-60A1-4F94-9F6F-CA260ED21ECD} = {0AB3BF05-4346-4AA6-1389-037BE0695223}
		{4EEF88DB-51E0-488A-99F4-75CF061DE911} = {0AB3BF05-4346-4AA6-1389-037BE0695223}
	EndGlobalSection
EndGlobal
